
Microsoft Visual Studio Solution File, Format Version 12.00
# Visual Studio Version 16
VisualStudioVersion = 16.0.31911.196
MinimumVisualStudioVersion = 10.0.40219.1
Project("{8BC9CEB8-8B4A-11D0-8D11-00A0C91BC942}") = "prac8 sem3", "prac8 sem3.vcxproj", "{47122882-98F7-4970-9FFE-B22D3189FC6B}"
EndProject
Global
	GlobalSection(SolutionConfigurationPlatforms) = preSolution
		Debug|x64 = Debug|x64
		Debug|x86 = Debug|x86
		Release|x64 = Release|x64
		Release|x86 = Release|x86
	EndGlobalSection
	GlobalSection(ProjectConfigurationPlatforms) = postSolution
		{47122882-98F7-4970-9FFE-B22D3189FC6B}.Debug|x64.ActiveCfg = Debug|x64
		{47122882-98F7-4970-9FFE-B22D3189FC6B}.Debug|x64.Build.0 = Debug|x64
		{47122882-98F7-4970-9FFE-B22D3189FC6B}.Debug|x86.ActiveCfg = Debug|Win32
		{47122882-98F7-4970-9FFE-B22D3189FC6B}.Debug|x86.Build.0 = Debug|Win32
		{47122882-98F7-4970-9FFE-B22D3189FC6B}.Release|x64.ActiveCfg = Release|x64
		{47122882-98F7-4970-9FFE-B22D3189FC6B}.Release|x64.Build.0 = Release|x64
		{47122882-98F7-4970-9FFE-B22D3189FC6B}.Release|x86.ActiveCfg = Release|Win32
		{47122882-98F7-4970-9FFE-B22D3189FC6B}.Release|x86.Build.0 = Release|Win32
	EndGlobalSection
	GlobalSection(SolutionProperties) = preSolution
		HideSolutionNode = FALSE
	EndGlobalSection
	GlobalSection(ExtensibilityGlobals) = postSolution
		SolutionGuid = {EE5DE415-7466-4D42-A8A6-529305380E07}
	EndGlobalSection
EndGlobal
